
Microsoft Visual Studio Solution File, Format Version 12.00
# Visual Studio Version 16
VisualStudioVersion = 16.0.30204.135
MinimumVisualStudioVersion = 10.0.40219.1
Project("{FAE04EC0-301F-11D3-BF4B-00C04F79EFBC}") = "test", "test\test.csproj", "{7A983180-F2FC-4E8B-9A23-C4C5EA2D629C}"
EndProject
Global
	GlobalSection(SolutionConfigurationPlatforms) = preSolution
		Debug|Any CPU = Debug|Any CPU
		Release|Any CPU = Release|Any CPU
	EndGlobalSection
	GlobalSection(ProjectConfigurationPlatforms) = postSolution
		{7A983180-F2FC-4E8B-9A23-C4C5EA2D629C}.Debug|Any CPU.ActiveCfg = Debug|Any CPU
		{7A983180-F2FC-4E8B-9A23-C4C5EA2D629C}.Debug|Any CPU.Build.0 = Debug|Any CPU
		{7A983180-F2FC-4E8B-9A23-C4C5EA2D629C}.Release|Any CPU.ActiveCfg = Release|Any CPU
		{7A983180-F2FC-4E8B-9A23-C4C5EA2D629C}.Release|Any CPU.Build.0 = Release|Any CPU
	EndGlobalSection
	GlobalSection(SolutionProperties) = preSolution
		HideSolutionNode = FALSE
	EndGlobalSection
	GlobalSection(ExtensibilityGlobals) = postSolution
		SolutionGuid = {13D3258B-C43D-41E7-A13B-2812DA1B7B3A}
	EndGlobalSection
EndGlobal
